
Microsoft Visual Studio Solution File, Format Version 12.00
Project("{FAE04EC0-301F-11D3-BF4B-00C04F79EFBC}") = "Assignment", "Assignment\Assignment.csproj", "{2244D0ED-26C7-48B0-A3EF-23C15EC113FA}"
EndProject
Project("{FAE04EC0-301F-11D3-BF4B-00C04F79EFBC}") = "Assignment.DM", "Assignment.DM\Assignment.DM.csproj", "{7F37775C-DD26-4441-87A0-EADA231EBF2D}"
EndProject
Project("{FAE04EC0-301F-11D3-BF4B-00C04F79EFBC}") = "Assignment.DAL", "Assignment.DAL\Assignment.DAL.csproj", "{391DAD99-ECA2-43CD-96DB-51B5AA2C581D}"
EndProject
Project("{FAE04EC0-301F-11D3-BF4B-00C04F79EFBC}") = "Assignment.Infrastructure", "Assignment.Infrastructure\Assignment.Infrastructure.csproj", "{7969EF05-FADD-43DA-863F-1128F43F0E25}"
EndProject
Global
	GlobalSection(SolutionConfigurationPlatforms) = preSolution
		Debug|Any CPU = Debug|Any CPU
		Release|Any CPU = Release|Any CPU
	EndGlobalSection
	GlobalSection(ProjectConfigurationPlatforms) = postSolution
		{2244D0ED-26C7-48B0-A3EF-23C15EC113FA}.Debug|Any CPU.ActiveCfg = Debug|Any CPU
		{2244D0ED-26C7-48B0-A3EF-23C15EC113FA}.Debug|Any CPU.Build.0 = Debug|Any CPU
		{2244D0ED-26C7-48B0-A3EF-23C15EC113FA}.Release|Any CPU.ActiveCfg = Release|Any CPU
		{2244D0ED-26C7-48B0-A3EF-23C15EC113FA}.Release|Any CPU.Build.0 = Release|Any CPU
		{7F37775C-DD26-4441-87A0-EADA231EBF2D}.Debug|Any CPU.ActiveCfg = Debug|Any CPU
		{7F37775C-DD26-4441-87A0-EADA231EBF2D}.Debug|Any CPU.Build.0 = Debug|Any CPU
		{7F37775C-DD26-4441-87A0-EADA231EBF2D}.Release|Any CPU.ActiveCfg = Release|Any CPU
		{7F37775C-DD26-4441-87A0-EADA231EBF2D}.Release|Any CPU.Build.0 = Release|Any CPU
		{391DAD99-ECA2-43CD-96DB-51B5AA2C581D}.Debug|Any CPU.ActiveCfg = Debug|Any CPU
		{391DAD99-ECA2-43CD-96DB-51B5AA2C581D}.Debug|Any CPU.Build.0 = Debug|Any CPU
		{391DAD99-ECA2-43CD-96DB-51B5AA2C581D}.Release|Any CPU.ActiveCfg = Release|Any CPU
		{391DAD99-ECA2-43CD-96DB-51B5AA2C581D}.Release|Any CPU.Build.0 = Release|Any CPU
		{7969EF05-FADD-43DA-863F-1128F43F0E25}.Debug|Any CPU.ActiveCfg = Debug|Any CPU
		{7969EF05-FADD-43DA-863F-1128F43F0E25}.Debug|Any CPU.Build.0 = Debug|Any CPU
		{7969EF05-FADD-43DA-863F-1128F43F0E25}.Release|Any CPU.ActiveCfg = Release|Any CPU
		{7969EF05-FADD-43DA-863F-1128F43F0E25}.Release|Any CPU.Build.0 = Release|Any CPU
	EndGlobalSection
EndGlobal
